{
    "_readme": [
        "This file locks the dependencies of your project to a known state",
        "Read more about it at https://getcomposer.org/doc/01-basic-usage.md#composer-lock-the-lock-file",
        "This file is @generated automatically"
    ],
    "content-hash": "fad9d4a3ce8881094aec48a8ce6eb589",
    "packages": [
        {
            "name": "catfan/medoo",
            "version": "v1.2",
            "source": {
                "type": "git",
                "url": "https://github.com/catfan/Medoo.git",
                "reference": "a2c092f8a61f6776fbd12b259033da40603cc584"
            },
            "dist": {
                "type": "zip",
                "url": "https://files.phpcomposer.com/files/catfan/Medoo/a2c092f8a61f6776fbd12b259033da40603cc584.zip",
                "reference": "a2c092f8a61f6776fbd12b259033da40603cc584",
                "shasum": ""
            },
            "require": {
                "ext-pdo": "*",
                "php": ">=5.4"
            },
            "suggest": {
                "ext-pdo_dblib": "For MSSQL or Sybase databases on Linux/UNIX platform",
                "ext-pdo_mysql": "For MySQL or MariaDB databases",
                "ext-pdo_oci": "For Oracle databases",
                "ext-pdo_pqsql": "For PostgreSQL databases",
                "ext-pdo_sqlite": "For SQLite databases",
                "ext-pdo_sqlsrv": "For MSSQL databases on Windows platform"
            },
            "type": "framework",
            "autoload": {
                "psr-4": {
                    "Medoo\\": "/src"
                }
            },
            "notification-url": "https://packagist.org/downloads/",
            "license": [
                "MIT"
            ],
            "authors": [
                {
                    "name": "Angel Lai",
                    "email": "angel@catfan.me"
                }
            ],
            "description": "The Lightest PHP database framework to accelerate development",
            "homepage": "http://medoo.in",
            "keywords": [
                "database",
                "lightweight",
                "mssql",
                "mysql",
                "php framework",
                "sql",
                "sqlite"
            ],
            "time": "2017-02-08T10:15:12+00:00"
        },
        {
            "name": "filp/whoops",
            "version": "1.1.10",
            "source": {
                "type": "git",
                "url": "https://github.com/filp/whoops.git",
                "reference": "72538eeb70bbfb11964412a3d098d109efd012f7"
            },
            "dist": {
                "type": "zip",
                "url": "https://files.phpcomposer.com/files/filp/whoops/72538eeb70bbfb11964412a3d098d109efd012f7.zip",
                "reference": "72538eeb70bbfb11964412a3d098d109efd012f7",
                "shasum": ""
            },
            "require": {
                "php": ">=5.3.0"
            },
            "require-dev": {
                "mockery/mockery": "0.9.*"
            },
            "type": "library",
            "extra": {
                "branch-alias": {
                    "dev-master": "1.2-dev"
                }
            },
            "autoload": {
                "psr-0": {
                    "Whoops": "src/"
                },
                "classmap": [
                    "src/deprecated"
                ]
            },
            "notification-url": "https://packagist.org/downloads/",
            "license": [
                "MIT"
            ],
            "authors": [
                {
                    "name": "Filipe Dobreira",
                    "homepage": "https://github.com/filp",
                    "role": "Developer"
                }
            ],
            "description": "php error handling for cool kids",
            "homepage": "https://github.com/filp/whoops",
            "keywords": [
                "error",
                "exception",
                "handling",
                "library",
                "silex-provider",
                "whoops",
                "zf2"
            ],
            "time": "2015-06-29T05:42:04+00:00"
        },
        {
            "name": "monolog/monolog",
            "version": "1.0.2",
            "source": {
                "type": "git",
                "url": "https://github.com/Seldaek/monolog.git",
                "reference": "b704c49a3051536f67f2d39f13568f74615b9922"
            },
            "dist": {
                "type": "zip",
                "url": "https://files.phpcomposer.com/files/Seldaek/monolog/b704c49a3051536f67f2d39f13568f74615b9922.zip",
                "reference": "b704c49a3051536f67f2d39f13568f74615b9922",
                "shasum": ""
            },
            "require": {
                "php": ">=5.3.0"
            },
            "type": "library",
            "autoload": {
                "psr-0": {
                    "Monolog": "src/"
                }
            },
            "notification-url": "https://packagist.org/downloads/",
            "license": [
                "MIT"
            ],
            "authors": [
                {
                    "name": "Jordi Boggiano",
                    "email": "j.boggiano@seld.be",
                    "homepage": "http://seld.be",
                    "role": "Developer"
                }
            ],
            "description": "Logging for PHP 5.3",
            "homepage": "http://github.com/Seldaek/monolog",
            "keywords": [
                "log",
                "logging"
            ],
            "time": "2011-10-24T09:39:02+00:00"
        },
        {
            "name": "symfony/polyfill-mbstring",
            "version": "v1.3.0",
            "source": {
                "type": "git",
                "url": "https://github.com/symfony/polyfill-mbstring.git",
                "reference": "e79d363049d1c2128f133a2667e4f4190904f7f4"
            },
            "dist": {
                "type": "zip",
                "url": "https://files.phpcomposer.com/files/symfony/polyfill-mbstring/e79d363049d1c2128f133a2667e4f4190904f7f4.zip",
                "reference": "e79d363049d1c2128f133a2667e4f4190904f7f4",
                "shasum": ""
            },
            "require": {
                "php": ">=5.3.3"
            },
            "suggest": {
                "ext-mbstring": "For best performance"
            },
            "type": "library",
            "extra": {
                "branch-alias": {
                    "dev-master": "1.3-dev"
                }
            },
            "autoload": {
                "psr-4": {
                    "Symfony\\Polyfill\\Mbstring\\": ""
                },
                "files": [
                    "bootstrap.php"
                ]
            },
            "notification-url": "https://packagist.org/downloads/",
            "license": [
                "MIT"
            ],
            "authors": [
                {
                    "name": "Nicolas Grekas",
                    "email": "p@tchwork.com"
                },
                {
                    "name": "Symfony Community",
                    "homepage": "https://symfony.com/contributors"
                }
            ],
            "description": "Symfony polyfill for the Mbstring extension",
            "homepage": "https://symfony.com",
            "keywords": [
                "compatibility",
                "mbstring",
                "polyfill",
                "portable",
                "shim"
            ],
            "time": "2016-11-14T01:06:16+00:00"
        },
        {
            "name": "symfony/var-dumper",
            "version": "v2.8.19",
            "source": {
                "type": "git",
                "url": "https://github.com/symfony/var-dumper.git",
                "reference": "f8ff23ad5352f96e66c1df5468d492d2f37f3ac4"
            },
            "dist": {
                "type": "zip",
                "url": "https://files.phpcomposer.com/files/symfony/var-dumper/f8ff23ad5352f96e66c1df5468d492d2f37f3ac4.zip",
                "reference": "f8ff23ad5352f96e66c1df5468d492d2f37f3ac4",
                "shasum": ""
            },
            "require": {
                "php": ">=5.3.9",
                "symfony/polyfill-mbstring": "~1.0"
            },
            "conflict": {
                "phpunit/phpunit": "<4.8.35|<5.4.3,>=5.0"
            },
            "require-dev": {
                "twig/twig": "~1.20|~2.0"
            },
            "suggest": {
                "ext-symfony_debug": ""
            },
            "type": "library",
            "extra": {
                "branch-alias": {
                    "dev-master": "2.8-dev"
                }
            },
            "autoload": {
                "files": [
                    "Resources/functions/dump.php"
                ],
                "psr-4": {
                    "Symfony\\Component\\VarDumper\\": ""
                },
                "exclude-from-classmap": [
                    "/Tests/"
                ]
            },
            "notification-url": "https://packagist.org/downloads/",
            "license": [
                "MIT"
            ],
            "authors": [
                {
                    "name": "Nicolas Grekas",
                    "email": "p@tchwork.com"
                },
                {
                    "name": "Symfony Community",
                    "homepage": "https://symfony.com/contributors"
                }
            ],
            "description": "Symfony mechanism for exploring and dumping PHP variables",
            "homepage": "https://symfony.com",
            "keywords": [
                "debug",
                "dump"
            ],
            "time": "2017-03-12T16:01:59+00:00"
        },
        {
            "name": "twig/twig",
            "version": "v1.33.0",
            "source": {
                "type": "git",
                "url": "https://github.com/twigphp/Twig.git",
                "reference": "05cf49921b13f6f01d3cfdf9018cfa7a8086fd5a"
            },
            "dist": {
                "type": "zip",
                "url": "https://files.phpcomposer.com/files/twigphp/Twig/05cf49921b13f6f01d3cfdf9018cfa7a8086fd5a.zip",
                "reference": "05cf49921b13f6f01d3cfdf9018cfa7a8086fd5a",
                "shasum": ""
            },
            "require": {
                "php": ">=5.2.7"
            },
            "require-dev": {
                "psr/container": "^1.0",
                "symfony/debug": "~2.7",
                "symfony/phpunit-bridge": "~3.3@dev"
            },
            "type": "library",
            "extra": {
                "branch-alias": {
                    "dev-master": "1.33-dev"
                }
            },
            "autoload": {
                "psr-0": {
                    "Twig_": "lib/"
                }
            },
            "notification-url": "https://packagist.org/downloads/",
            "license": [
                "BSD-3-Clause"
            ],
            "authors": [
                {
                    "name": "Fabien Potencier",
                    "email": "fabien@symfony.com",
                    "homepage": "http://fabien.potencier.org",
                    "role": "Lead Developer"
                },
                {
                    "name": "Armin Ronacher",
                    "email": "armin.ronacher@active-4.com",
                    "role": "Project Founder"
                },
                {
                    "name": "Twig Team",
                    "homepage": "http://twig.sensiolabs.org/contributors",
                    "role": "Contributors"
                }
            ],
            "description": "Twig, the flexible, fast, and secure template language for PHP",
            "homepage": "http://twig.sensiolabs.org",
            "keywords": [
                "templating"
            ],
            "time": "2017-03-22T15:40:09+00:00"
        }
    ],
    "packages-dev": [],
    "aliases": [],
    "minimum-stability": "stable",
    "stability-flags": [],
    "prefer-stable": false,
    "prefer-lowest": false,
    "platform": {
        "php": ">=5.3.0"
    },
    "platform-dev": []
}
